
Microsoft Visual Studio Solution File, Format Version 12.00
# Visual Studio Version 16
VisualStudioVersion = 16.0.31605.320
MinimumVisualStudioVersion = 10.0.40219.1
Project("{FAE04EC0-301F-11D3-BF4B-00C04F79EFBC}") = "DataAccess", "DataAccess\DataAccess.csproj", "{8A2255D8-AC2A-48C5-8786-5F11F0753445}"
EndProject
Project("{FAE04EC0-301F-11D3-BF4B-00C04F79EFBC}") = "Business", "Business\Business.csproj", "{518E8CA8-DE88-4069-816D-9C57AFF38972}"
EndProject
Project("{FAE04EC0-301F-11D3-BF4B-00C04F79EFBC}") = "Entities", "Entities\Entities.csproj", "{6B9247CE-542F-4412-A31A-2C7567AF8429}"
EndProject
Project("{FAE04EC0-301F-11D3-BF4B-00C04F79EFBC}") = "ConsoleUI", "ConsoleUI\ConsoleUI.csproj", "{785BBE11-27E7-41FC-B9E0-2BA0B9C62A52}"
EndProject
Global
	GlobalSection(SolutionConfigurationPlatforms) = preSolution
		Debug|Any CPU = Debug|Any CPU
		Release|Any CPU = Release|Any CPU
	EndGlobalSection
	GlobalSection(ProjectConfigurationPlatforms) = postSolution
		{8A2255D8-AC2A-48C5-8786-5F11F0753445}.Debug|Any CPU.ActiveCfg = Debug|Any CPU
		{8A2255D8-AC2A-48C5-8786-5F11F0753445}.Debug|Any CPU.Build.0 = Debug|Any CPU
		{8A2255D8-AC2A-48C5-8786-5F11F0753445}.Release|Any CPU.ActiveCfg = Release|Any CPU
		{8A2255D8-AC2A-48C5-8786-5F11F0753445}.Release|Any CPU.Build.0 = Release|Any CPU
		{518E8CA8-DE88-4069-816D-9C57AFF38972}.Debug|Any CPU.ActiveCfg = Debug|Any CPU
		{518E8CA8-DE88-4069-816D-9C57AFF38972}.Debug|Any CPU.Build.0 = Debug|Any CPU
		{518E8CA8-DE88-4069-816D-9C57AFF38972}.Release|Any CPU.ActiveCfg = Release|Any CPU
		{518E8CA8-DE88-4069-816D-9C57AFF38972}.Release|Any CPU.Build.0 = Release|Any CPU
		{6B9247CE-542F-4412-A31A-2C7567AF8429}.Debug|Any CPU.ActiveCfg = Debug|Any CPU
		{6B9247CE-542F-4412-A31A-2C7567AF8429}.Debug|Any CPU.Build.0 = Debug|Any CPU
		{6B9247CE-542F-4412-A31A-2C7567AF8429}.Release|Any CPU.ActiveCfg = Release|Any CPU
		{6B9247CE-542F-4412-A31A-2C7567AF8429}.Release|Any CPU.Build.0 = Release|Any CPU
		{785BBE11-27E7-41FC-B9E0-2BA0B9C62A52}.Debug|Any CPU.ActiveCfg = Debug|Any CPU
		{785BBE11-27E7-41FC-B9E0-2BA0B9C62A52}.Debug|Any CPU.Build.0 = Debug|Any CPU
		{785BBE11-27E7-41FC-B9E0-2BA0B9C62A52}.Release|Any CPU.ActiveCfg = Release|Any CPU
		{785BBE11-27E7-41FC-B9E0-2BA0B9C62A52}.Release|Any CPU.Build.0 = Release|Any CPU
	EndGlobalSection
	GlobalSection(SolutionProperties) = preSolution
		HideSolutionNode = FALSE
	EndGlobalSection
	GlobalSection(ExtensibilityGlobals) = postSolution
		SolutionGuid = {5D3F423D-C15D-416D-B293-CC0B2690A0F8}
	EndGlobalSection
EndGlobal
